
Microsoft Visual Studio Solution File, Format Version 12.00
# Visual Studio 15
Project("{FAE04EC0-301F-11D3-BF4B-00C04F79EFBC}") = "Assembly-CSharp", "Assembly-CSharp.csproj", "{C9CF4D49-5377-369D-1A6A-F519DFA81CCC}"
EndProject
Global
	GlobalSection(SolutionConfigurationPlatforms) = preSolution
		Debug|Any CPU = Debug|Any CPU
		Release|Any CPU = Release|Any CPU
	EndGlobalSection
	GlobalSection(ProjectConfigurationPlatforms) = postSolution
		{C9CF4D49-5377-369D-1A6A-F519DFA81CCC}.Debug|Any CPU.ActiveCfg = Debug|Any CPU
		{C9CF4D49-5377-369D-1A6A-F519DFA81CCC}.Debug|Any CPU.Build.0 = Debug|Any CPU
		{C9CF4D49-5377-369D-1A6A-F519DFA81CCC}.Release|Any CPU.ActiveCfg = Release|Any CPU
		{C9CF4D49-5377-369D-1A6A-F519DFA81CCC}.Release|Any CPU.Build.0 = Release|Any CPU
	EndGlobalSection
	GlobalSection(SolutionProperties) = preSolution
		HideSolutionNode = FALSE
	EndGlobalSection
EndGlobal
